<?xml version="1.0" encoding="utf-8"?>
<Project ToolsVersion="4.0" xmlns="http://schemas.microsoft.com/developer/msbuild/2003">
  <ItemGroup>
    <Filter Include="Source Files">
      <UniqueIdentifier>{4FC737F1-C7A5-4376-A066-2A32D752A2FF}</UniqueIdentifier>
      <Extensions>cpp;c;cc;cxx;def;odl;idl;hpj;bat;asm;asmx</Extensions>
    </Filter>
    <Filter Include="Header Files">
      <UniqueIdentifier>{93995380-89BD-4b04-88EB-625FBE52EBFB}</UniqueIdentifier>
      <Extensions>h;hh;hpp;hxx;hm;inl;inc;xsd</Extensions>
    </Filter>
    <Filter Include="Resource Files">
      <UniqueIdentifier>{67DA6AB6-F800-4c08-8B7A-83BB121AAD01}</UniqueIdentifier>
      <Extensions>rc;ico;cur;bmp;dlg;rc2;rct;bin;rgs;gif;jpg;jpeg;jpe;resx;tiff;tif;png;wav</Extensions>
    </Filter>
  </ItemGroup>
  <ItemGroup>
    <ClCompile Include="section assignment 1\censor string\censor_string.cpp">
      <Filter>Source Files</Filter>
    </ClCompile>
    <ClCompile Include="section assignment 1\count letters\count_letters.cpp">
      <Filter>Source Files</Filter>
    </ClCompile>
    <ClCompile Include="section assignment 1\exam statistics\exam_statistics.cpp">
      <Filter>Source Files</Filter>
    </ClCompile>
    <ClCompile Include="section assignment 2\correctly nested html tags\is_correctly_nested.cpp">
      <Filter>Source Files</Filter>
    </ClCompile>
    <ClCompile Include="section assignment 2\email messages\email_msgs.cpp">
      <Filter>Source Files</Filter>
    </ClCompile>
    <ClCompile Include="section assignment 2\minesweeper\minesweeper.cpp">
      <Filter>Source Files</Filter>
    </ClCompile>
    <ClCompile Include="section assignment 2\most frequent character\most_frequent_character.cpp">
      <Filter>Source Files</Filter>
    </ClCompile>
    <ClCompile Include="section assignment 2\reverse queue\reverse_queue.cpp">
      <Filter>Source Files</Filter>
    </ClCompile>
    <ClCompile Include="section assignment 3\cannonballs\cannonballs.cpp">
      <Filter>Source Files</Filter>
    </ClCompile>
    <ClCompile Include="section assignment 3\cartesian products\cartesian_products.cpp">
      <Filter>Source Files</Filter>
    </ClCompile>
    <ClCompile Include="section assignment 3\greatest common divisor\gcd.cpp">
      <Filter>Source Files</Filter>
    </ClCompile>
    <ClCompile Include="section assignment 3\list mnemonics\list_mnemonics.cpp">
      <Filter>Source Files</Filter>
    </ClCompile>
    <ClCompile Include="section assignment 3\old fashioned measuring\old_fashioned_measuring.cpp">
      <Filter>Source Files</Filter>
    </ClCompile>
    <ClCompile Include="section assignment 3\reverse string\reverse_string.cpp">
      <Filter>Source Files</Filter>
    </ClCompile>
    <ClCompile Include="section assignment 3\set comparison callback\set_comparison_callback.cpp">
      <Filter>Source Files</Filter>
    </ClCompile>
  </ItemGroup>
</Project>