// !$*UTF8*$!
{
	archiveVersion = 1;
	classes = {
	};
	objectVersion = 50;
	objects = {

/* Begin PBXBuildFile section */
		8409B63B22260F86001EBB3E /* exam_statistics.cpp in Sources */ = {isa = PBXBuildFile; fileRef = 8409B62A22260BBA001EBB3E /* exam_statistics.cpp */; };
		8409B64722260FA2001EBB3E /* censor_string.cpp in Sources */ = {isa = PBXBuildFile; fileRef = 848BDC85221F59590009F692 /* censor_string.cpp */; };
		8442EB8A222761AB008BF7F9 /* count_letters.cpp in Sources */ = {isa = PBXBuildFile; fileRef = 8442EB89222761AB008BF7F9 /* count_letters.cpp */; };
		847A4FF4222DEB2A007EE783 /* email_msgs.cpp in Sources */ = {isa = PBXBuildFile; fileRef = 8442EB94222763BF008BF7F9 /* email_msgs.cpp */; };
		847A5004222DEF11007EE783 /* reverse_queue.cpp in Sources */ = {isa = PBXBuildFile; fileRef = 847A4FF6222DEEF0007EE783 /* reverse_queue.cpp */; };
		847A5012222DF3BD007EE783 /* is_correctly_nested.cpp in Sources */ = {isa = PBXBuildFile; fileRef = 847A5011222DF3BD007EE783 /* is_correctly_nested.cpp */; };
		84876D4B222F3693008C67AD /* minesweeper.cpp in Sources */ = {isa = PBXBuildFile; fileRef = 84876D4A222F3693008C67AD /* minesweeper.cpp */; };
		84F7D84F222F2F650049D250 /* most_frequent_character.cpp in Sources */ = {isa = PBXBuildFile; fileRef = 84F7D842222F2F550049D250 /* most_frequent_character.cpp */; };
/* End PBXBuildFile section */

/* Begin PBXCopyFilesBuildPhase section */
		8409B63222260F0E001EBB3E /* CopyFiles */ = {
			isa = PBXCopyFilesBuildPhase;
			buildActionMask = 2147483647;
			dstPath = /usr/share/man/man1/;
			dstSubfolderSpec = 0;
			files = (
			);
			runOnlyForDeploymentPostprocessing = 1;
		};
		8409B63E22260F9A001EBB3E /* CopyFiles */ = {
			isa = PBXCopyFilesBuildPhase;
			buildActionMask = 2147483647;
			dstPath = /usr/share/man/man1/;
			dstSubfolderSpec = 0;
			files = (
			);
			runOnlyForDeploymentPostprocessing = 1;
		};
		8442EB85222761AB008BF7F9 /* CopyFiles */ = {
			isa = PBXCopyFilesBuildPhase;
			buildActionMask = 2147483647;
			dstPath = /usr/share/man/man1/;
			dstSubfolderSpec = 0;
			files = (
			);
			runOnlyForDeploymentPostprocessing = 1;
		};
		847A4FEB222DEB27007EE783 /* CopyFiles */ = {
			isa = PBXCopyFilesBuildPhase;
			buildActionMask = 2147483647;
			dstPath = /usr/share/man/man1/;
			dstSubfolderSpec = 0;
			files = (
			);
			runOnlyForDeploymentPostprocessing = 1;
		};
		847A4FFA222DEEFB007EE783 /* CopyFiles */ = {
			isa = PBXCopyFilesBuildPhase;
			buildActionMask = 2147483647;
			dstPath = /usr/share/man/man1/;
			dstSubfolderSpec = 0;
			files = (
			);
			runOnlyForDeploymentPostprocessing = 1;
		};
		847A5008222DF3A6007EE783 /* CopyFiles */ = {
			isa = PBXCopyFilesBuildPhase;
			buildActionMask = 2147483647;
			dstPath = /usr/share/man/man1/;
			dstSubfolderSpec = 0;
			files = (
			);
			runOnlyForDeploymentPostprocessing = 1;
		};
		84876D41222F3680008C67AD /* CopyFiles */ = {
			isa = PBXCopyFilesBuildPhase;
			buildActionMask = 2147483647;
			dstPath = /usr/share/man/man1/;
			dstSubfolderSpec = 0;
			files = (
			);
			runOnlyForDeploymentPostprocessing = 1;
		};
		848BDC80221F59590009F692 /* CopyFiles */ = {
			isa = PBXCopyFilesBuildPhase;
			buildActionMask = 2147483647;
			dstPath = /usr/share/man/man1/;
			dstSubfolderSpec = 0;
			files = (
			);
			runOnlyForDeploymentPostprocessing = 1;
		};
		84F7D846222F2F610049D250 /* CopyFiles */ = {
			isa = PBXCopyFilesBuildPhase;
			buildActionMask = 2147483647;
			dstPath = /usr/share/man/man1/;
			dstSubfolderSpec = 0;
			files = (
			);
			runOnlyForDeploymentPostprocessing = 1;
		};
/* End PBXCopyFilesBuildPhase section */

/* Begin PBXFileReference section */
		8409B62A22260BBA001EBB3E /* exam_statistics.cpp */ = {isa = PBXFileReference; lastKnownFileType = sourcecode.cpp.cpp; path = exam_statistics.cpp; sourceTree = "<group>"; };
		8409B62C22260BCD001EBB3E /* exam_statistics.txt */ = {isa = PBXFileReference; lastKnownFileType = text; path = exam_statistics.txt; sourceTree = "<group>"; };
		8409B62D22260E25001EBB3E /* exam_scores.txt */ = {isa = PBXFileReference; lastKnownFileType = text; path = exam_scores.txt; sourceTree = "<group>"; };
		8409B63422260F0E001EBB3E /* Exam Statistics */ = {isa = PBXFileReference; explicitFileType = "compiled.mach-o.executable"; includeInIndex = 0; path = "Exam Statistics"; sourceTree = BUILT_PRODUCTS_DIR; };
		8409B64022260F9A001EBB3E /* Censor String */ = {isa = PBXFileReference; explicitFileType = "compiled.mach-o.executable"; includeInIndex = 0; path = "Censor String"; sourceTree = BUILT_PRODUCTS_DIR; };
		8442EB87222761AB008BF7F9 /* Count Letters */ = {isa = PBXFileReference; explicitFileType = "compiled.mach-o.executable"; includeInIndex = 0; path = "Count Letters"; sourceTree = BUILT_PRODUCTS_DIR; };
		8442EB89222761AB008BF7F9 /* count_letters.cpp */ = {isa = PBXFileReference; lastKnownFileType = sourcecode.cpp.cpp; path = count_letters.cpp; sourceTree = "<group>"; };
		8442EB902227621C008BF7F9 /* count_letters.txt */ = {isa = PBXFileReference; lastKnownFileType = text; path = count_letters.txt; sourceTree = "<group>"; };
		8442EB912227629B008BF7F9 /* text.txt */ = {isa = PBXFileReference; lastKnownFileType = text; path = text.txt; sourceTree = "<group>"; };
		8442EB94222763BF008BF7F9 /* email_msgs.cpp */ = {isa = PBXFileReference; lastKnownFileType = sourcecode.cpp.cpp; path = email_msgs.cpp; sourceTree = "<group>"; };
		8442EB9722276401008BF7F9 /* email_msgs.txt */ = {isa = PBXFileReference; lastKnownFileType = text; path = email_msgs.txt; sourceTree = "<group>"; };
		847A4FED222DEB27007EE783 /* Email Messages */ = {isa = PBXFileReference; explicitFileType = "compiled.mach-o.executable"; includeInIndex = 0; path = "Email Messages"; sourceTree = BUILT_PRODUCTS_DIR; };
		847A4FF6222DEEF0007EE783 /* reverse_queue.cpp */ = {isa = PBXFileReference; lastKnownFileType = sourcecode.cpp.cpp; path = reverse_queue.cpp; sourceTree = "<group>"; };
		847A4FFC222DEEFB007EE783 /* Reverse Queue */ = {isa = PBXFileReference; explicitFileType = "compiled.mach-o.executable"; includeInIndex = 0; path = "Reverse Queue"; sourceTree = BUILT_PRODUCTS_DIR; };
		847A5003222DEF0E007EE783 /* reverse_queue.txt */ = {isa = PBXFileReference; lastKnownFileType = text; path = reverse_queue.txt; sourceTree = "<group>"; };
		847A500A222DF3A6007EE783 /* Correctly Nested HTML Tags */ = {isa = PBXFileReference; explicitFileType = "compiled.mach-o.executable"; includeInIndex = 0; path = "Correctly Nested HTML Tags"; sourceTree = BUILT_PRODUCTS_DIR; };
		847A5011222DF3BD007EE783 /* is_correctly_nested.cpp */ = {isa = PBXFileReference; lastKnownFileType = sourcecode.cpp.cpp; path = is_correctly_nested.cpp; sourceTree = "<group>"; };
		847A5013222DF3CA007EE783 /* is_correctly_nested.txt */ = {isa = PBXFileReference; lastKnownFileType = text; path = is_correctly_nested.txt; sourceTree = "<group>"; };
		84876D43222F3680008C67AD /* Minesweeper */ = {isa = PBXFileReference; explicitFileType = "compiled.mach-o.executable"; includeInIndex = 0; path = Minesweeper; sourceTree = BUILT_PRODUCTS_DIR; };
		84876D4A222F3693008C67AD /* minesweeper.cpp */ = {isa = PBXFileReference; lastKnownFileType = sourcecode.cpp.cpp; path = minesweeper.cpp; sourceTree = "<group>"; };
		84876D4C222F36A2008C67AD /* minesweeper.txt */ = {isa = PBXFileReference; lastKnownFileType = text; path = minesweeper.txt; sourceTree = "<group>"; };
		848BDC82221F59590009F692 /* cs106b */ = {isa = PBXFileReference; explicitFileType = "compiled.mach-o.executable"; includeInIndex = 0; path = cs106b; sourceTree = BUILT_PRODUCTS_DIR; };
		848BDC85221F59590009F692 /* censor_string.cpp */ = {isa = PBXFileReference; lastKnownFileType = sourcecode.cpp.cpp; path = censor_string.cpp; sourceTree = "<group>"; };
		848BDC92221F6FA50009F692 /* censor_string.txt */ = {isa = PBXFileReference; lastKnownFileType = text; path = censor_string.txt; sourceTree = "<group>"; };
		84F7D842222F2F550049D250 /* most_frequent_character.cpp */ = {isa = PBXFileReference; lastKnownFileType = sourcecode.cpp.cpp; path = most_frequent_character.cpp; sourceTree = "<group>"; };
		84F7D848222F2F610049D250 /* Most Frequent Character */ = {isa = PBXFileReference; explicitFileType = "compiled.mach-o.executable"; includeInIndex = 0; path = "Most Frequent Character"; sourceTree = BUILT_PRODUCTS_DIR; };
		84F7D850222F2F760049D250 /* most_frequent_character.txt */ = {isa = PBXFileReference; lastKnownFileType = text; path = most_frequent_character.txt; sourceTree = "<group>"; };
		84F7D851222F30FC0049D250 /* test.txt */ = {isa = PBXFileReference; lastKnownFileType = text; path = test.txt; sourceTree = "<group>"; };
/* End PBXFileReference section */

/* Begin PBXFrameworksBuildPhase section */
		8409B63122260F0E001EBB3E /* Frameworks */ = {
			isa = PBXFrameworksBuildPhase;
			buildActionMask = 2147483647;
			files = (
			);
			runOnlyForDeploymentPostprocessing = 0;
		};
		8409B63D22260F9A001EBB3E /* Frameworks */ = {
			isa = PBXFrameworksBuildPhase;
			buildActionMask = 2147483647;
			files = (
			);
			runOnlyForDeploymentPostprocessing = 0;
		};
		8442EB84222761AB008BF7F9 /* Frameworks */ = {
			isa = PBXFrameworksBuildPhase;
			buildActionMask = 2147483647;
			files = (
			);
			runOnlyForDeploymentPostprocessing = 0;
		};
		847A4FEA222DEB27007EE783 /* Frameworks */ = {
			isa = PBXFrameworksBuildPhase;
			buildActionMask = 2147483647;
			files = (
			);
			runOnlyForDeploymentPostprocessing = 0;
		};
		847A4FF9222DEEFB007EE783 /* Frameworks */ = {
			isa = PBXFrameworksBuildPhase;
			buildActionMask = 2147483647;
			files = (
			);
			runOnlyForDeploymentPostprocessing = 0;
		};
		847A5007222DF3A6007EE783 /* Frameworks */ = {
			isa = PBXFrameworksBuildPhase;
			buildActionMask = 2147483647;
			files = (
			);
			runOnlyForDeploymentPostprocessing = 0;
		};
		84876D40222F3680008C67AD /* Frameworks */ = {
			isa = PBXFrameworksBuildPhase;
			buildActionMask = 2147483647;
			files = (
			);
			runOnlyForDeploymentPostprocessing = 0;
		};
		848BDC7F221F59590009F692 /* Frameworks */ = {
			isa = PBXFrameworksBuildPhase;
			buildActionMask = 2147483647;
			files = (
			);
			runOnlyForDeploymentPostprocessing = 0;
		};
		84F7D845222F2F610049D250 /* Frameworks */ = {
			isa = PBXFrameworksBuildPhase;
			buildActionMask = 2147483647;
			files = (
			);
			runOnlyForDeploymentPostprocessing = 0;
		};
/* End PBXFrameworksBuildPhase section */

/* Begin PBXGroup section */
		8409B62E22260ED9001EBB3E /* Censor String */ = {
			isa = PBXGroup;
			children = (
				848BDC85221F59590009F692 /* censor_string.cpp */,
				848BDC92221F6FA50009F692 /* censor_string.txt */,
			);
			path = "Censor String";
			sourceTree = "<group>";
		};
		8409B62F22260EE2001EBB3E /* Exam Statistics */ = {
			isa = PBXGroup;
			children = (
				8409B62A22260BBA001EBB3E /* exam_statistics.cpp */,
				8409B62C22260BCD001EBB3E /* exam_statistics.txt */,
				8409B62D22260E25001EBB3E /* exam_scores.txt */,
			);
			path = "Exam Statistics";
			sourceTree = "<group>";
		};
		8442EB88222761AB008BF7F9 /* Count Letters */ = {
			isa = PBXGroup;
			children = (
				8442EB89222761AB008BF7F9 /* count_letters.cpp */,
				8442EB902227621C008BF7F9 /* count_letters.txt */,
				8442EB912227629B008BF7F9 /* text.txt */,
			);
			path = "Count Letters";
			sourceTree = "<group>";
		};
		8442EB9222276377008BF7F9 /* Section Assignment 2 */ = {
			isa = PBXGroup;
			children = (
				8442EB932227639C008BF7F9 /* Email Messages */,
				847A4FF5222DEED9007EE783 /* Reverse Queue */,
				847A5005222DF38C007EE783 /* Correctly Nested HTML Tags */,
				84F7D841222F2F390049D250 /* Most Frequent Character */,
				84876D3E222F3669008C67AD /* Minesweeper */,
			);
			path = "Section Assignment 2";
			sourceTree = "<group>";
		};
		8442EB932227639C008BF7F9 /* Email Messages */ = {
			isa = PBXGroup;
			children = (
				8442EB94222763BF008BF7F9 /* email_msgs.cpp */,
				8442EB9722276401008BF7F9 /* email_msgs.txt */,
			);
			path = "Email Messages";
			sourceTree = "<group>";
		};
		847A4FF5222DEED9007EE783 /* Reverse Queue */ = {
			isa = PBXGroup;
			children = (
				847A4FF6222DEEF0007EE783 /* reverse_queue.cpp */,
				847A5003222DEF0E007EE783 /* reverse_queue.txt */,
			);
			path = "Reverse Queue";
			sourceTree = "<group>";
		};
		847A5005222DF38C007EE783 /* Correctly Nested HTML Tags */ = {
			isa = PBXGroup;
			children = (
				847A5011222DF3BD007EE783 /* is_correctly_nested.cpp */,
				847A5013222DF3CA007EE783 /* is_correctly_nested.txt */,
			);
			path = "Correctly Nested HTML Tags";
			sourceTree = "<group>";
		};
		84876D3E222F3669008C67AD /* Minesweeper */ = {
			isa = PBXGroup;
			children = (
				84876D4A222F3693008C67AD /* minesweeper.cpp */,
				84876D4C222F36A2008C67AD /* minesweeper.txt */,
			);
			path = Minesweeper;
			sourceTree = "<group>";
		};
		848BDC79221F59590009F692 = {
			isa = PBXGroup;
			children = (
				848BDC8F221F59CB0009F692 /* Section Assignment 1 */,
				8442EB9222276377008BF7F9 /* Section Assignment 2 */,
				848BDC83221F59590009F692 /* Products */,
			);
			sourceTree = "<group>";
		};
		848BDC83221F59590009F692 /* Products */ = {
			isa = PBXGroup;
			children = (
				848BDC82221F59590009F692 /* cs106b */,
				8409B63422260F0E001EBB3E /* Exam Statistics */,
				8409B64022260F9A001EBB3E /* Censor String */,
				8442EB87222761AB008BF7F9 /* Count Letters */,
				847A4FED222DEB27007EE783 /* Email Messages */,
				847A4FFC222DEEFB007EE783 /* Reverse Queue */,
				847A500A222DF3A6007EE783 /* Correctly Nested HTML Tags */,
				84F7D848222F2F610049D250 /* Most Frequent Character */,
				84876D43222F3680008C67AD /* Minesweeper */,
			);
			name = Products;
			sourceTree = "<group>";
		};
		848BDC8F221F59CB0009F692 /* Section Assignment 1 */ = {
			isa = PBXGroup;
			children = (
				8409B62E22260ED9001EBB3E /* Censor String */,
				8409B62F22260EE2001EBB3E /* Exam Statistics */,
				8442EB88222761AB008BF7F9 /* Count Letters */,
			);
			path = "Section Assignment 1";
			sourceTree = "<group>";
		};
		84F7D841222F2F390049D250 /* Most Frequent Character */ = {
			isa = PBXGroup;
			children = (
				84F7D842222F2F550049D250 /* most_frequent_character.cpp */,
				84F7D850222F2F760049D250 /* most_frequent_character.txt */,
				84F7D851222F30FC0049D250 /* test.txt */,
			);
			path = "Most Frequent Character";
			sourceTree = "<group>";
		};
/* End PBXGroup section */

/* Begin PBXNativeTarget section */
		8409B63322260F0E001EBB3E /* Exam Statistics */ = {
			isa = PBXNativeTarget;
			buildConfigurationList = 8409B63822260F0E001EBB3E /* Build configuration list for PBXNativeTarget "Exam Statistics" */;
			buildPhases = (
				8409B63022260F0E001EBB3E /* Sources */,
				8409B63122260F0E001EBB3E /* Frameworks */,
				8409B63222260F0E001EBB3E /* CopyFiles */,
			);
			buildRules = (
			);
			dependencies = (
			);
			name = "Exam Statistics";
			productName = "Exam Statistics";
			productReference = 8409B63422260F0E001EBB3E /* Exam Statistics */;
			productType = "com.apple.product-type.tool";
		};
		8409B63F22260F9A001EBB3E /* Censor String */ = {
			isa = PBXNativeTarget;
			buildConfigurationList = 8409B64422260F9A001EBB3E /* Build configuration list for PBXNativeTarget "Censor String" */;
			buildPhases = (
				8409B63C22260F9A001EBB3E /* Sources */,
				8409B63D22260F9A001EBB3E /* Frameworks */,
				8409B63E22260F9A001EBB3E /* CopyFiles */,
			);
			buildRules = (
			);
			dependencies = (
			);
			name = "Censor String";
			productName = "Censor String";
			productReference = 8409B64022260F9A001EBB3E /* Censor String */;
			productType = "com.apple.product-type.tool";
		};
		8442EB86222761AB008BF7F9 /* Count Letters */ = {
			isa = PBXNativeTarget;
			buildConfigurationList = 8442EB8B222761AB008BF7F9 /* Build configuration list for PBXNativeTarget "Count Letters" */;
			buildPhases = (
				8442EB83222761AB008BF7F9 /* Sources */,
				8442EB84222761AB008BF7F9 /* Frameworks */,
				8442EB85222761AB008BF7F9 /* CopyFiles */,
			);
			buildRules = (
			);
			dependencies = (
			);
			name = "Count Letters";
			productName = "Count Letters";
			productReference = 8442EB87222761AB008BF7F9 /* Count Letters */;
			productType = "com.apple.product-type.tool";
		};
		847A4FEC222DEB27007EE783 /* Email Messages */ = {
			isa = PBXNativeTarget;
			buildConfigurationList = 847A4FF3222DEB27007EE783 /* Build configuration list for PBXNativeTarget "Email Messages" */;
			buildPhases = (
				847A4FE9222DEB27007EE783 /* Sources */,
				847A4FEA222DEB27007EE783 /* Frameworks */,
				847A4FEB222DEB27007EE783 /* CopyFiles */,
			);
			buildRules = (
			);
			dependencies = (
			);
			name = "Email Messages";
			productName = "Email Messages";
			productReference = 847A4FED222DEB27007EE783 /* Email Messages */;
			productType = "com.apple.product-type.tool";
		};
		847A4FFB222DEEFB007EE783 /* Reverse Queue */ = {
			isa = PBXNativeTarget;
			buildConfigurationList = 847A5000222DEEFB007EE783 /* Build configuration list for PBXNativeTarget "Reverse Queue" */;
			buildPhases = (
				847A4FF8222DEEFB007EE783 /* Sources */,
				847A4FF9222DEEFB007EE783 /* Frameworks */,
				847A4FFA222DEEFB007EE783 /* CopyFiles */,
			);
			buildRules = (
			);
			dependencies = (
			);
			name = "Reverse Queue";
			productName = "Reverse Queue";
			productReference = 847A4FFC222DEEFB007EE783 /* Reverse Queue */;
			productType = "com.apple.product-type.tool";
		};
		847A5009222DF3A6007EE783 /* Correctly Nested HTML Tags */ = {
			isa = PBXNativeTarget;
			buildConfigurationList = 847A500E222DF3A6007EE783 /* Build configuration list for PBXNativeTarget "Correctly Nested HTML Tags" */;
			buildPhases = (
				847A5006222DF3A6007EE783 /* Sources */,
				847A5007222DF3A6007EE783 /* Frameworks */,
				847A5008222DF3A6007EE783 /* CopyFiles */,
			);
			buildRules = (
			);
			dependencies = (
			);
			name = "Correctly Nested HTML Tags";
			productName = "Correctly Nested HTML Tags";
			productReference = 847A500A222DF3A6007EE783 /* Correctly Nested HTML Tags */;
			productType = "com.apple.product-type.tool";
		};
		84876D42222F3680008C67AD /* Minesweeper */ = {
			isa = PBXNativeTarget;
			buildConfigurationList = 84876D47222F3680008C67AD /* Build configuration list for PBXNativeTarget "Minesweeper" */;
			buildPhases = (
				84876D3F222F3680008C67AD /* Sources */,
				84876D40222F3680008C67AD /* Frameworks */,
				84876D41222F3680008C67AD /* CopyFiles */,
			);
			buildRules = (
			);
			dependencies = (
			);
			name = Minesweeper;
			productName = Minesweeper;
			productReference = 84876D43222F3680008C67AD /* Minesweeper */;
			productType = "com.apple.product-type.tool";
		};
		848BDC81221F59590009F692 /* cs106b */ = {
			isa = PBXNativeTarget;
			buildConfigurationList = 848BDC89221F59590009F692 /* Build configuration list for PBXNativeTarget "cs106b" */;
			buildPhases = (
				848BDC7E221F59590009F692 /* Sources */,
				848BDC7F221F59590009F692 /* Frameworks */,
				848BDC80221F59590009F692 /* CopyFiles */,
			);
			buildRules = (
			);
			dependencies = (
			);
			name = cs106b;
			productName = cs106b;
			productReference = 848BDC82221F59590009F692 /* cs106b */;
			productType = "com.apple.product-type.tool";
		};
		84F7D847222F2F610049D250 /* Most Frequent Character */ = {
			isa = PBXNativeTarget;
			buildConfigurationList = 84F7D84C222F2F610049D250 /* Build configuration list for PBXNativeTarget "Most Frequent Character" */;
			buildPhases = (
				84F7D844222F2F610049D250 /* Sources */,
				84F7D845222F2F610049D250 /* Frameworks */,
				84F7D846222F2F610049D250 /* CopyFiles */,
			);
			buildRules = (
			);
			dependencies = (
			);
			name = "Most Frequent Character";
			productName = "Most Frequent Character";
			productReference = 84F7D848222F2F610049D250 /* Most Frequent Character */;
			productType = "com.apple.product-type.tool";
		};
/* End PBXNativeTarget section */

/* Begin PBXProject section */
		848BDC7A221F59590009F692 /* Project object */ = {
			isa = PBXProject;
			attributes = {
				LastUpgradeCheck = 1010;
				ORGANIZATIONNAME = "Daniel Wang";
				TargetAttributes = {
					8409B63322260F0E001EBB3E = {
						CreatedOnToolsVersion = 10.1;
					};
					8409B63F22260F9A001EBB3E = {
						CreatedOnToolsVersion = 10.1;
					};
					8442EB86222761AB008BF7F9 = {
						CreatedOnToolsVersion = 10.1;
					};
					847A4FEC222DEB27007EE783 = {
						CreatedOnToolsVersion = 10.1;
					};
					847A4FFB222DEEFB007EE783 = {
						CreatedOnToolsVersion = 10.1;
					};
					847A5009222DF3A6007EE783 = {
						CreatedOnToolsVersion = 10.1;
					};
					84876D42222F3680008C67AD = {
						CreatedOnToolsVersion = 10.1;
					};
					848BDC81221F59590009F692 = {
						CreatedOnToolsVersion = 10.1;
					};
					84F7D847222F2F610049D250 = {
						CreatedOnToolsVersion = 10.1;
					};
				};
			};
			buildConfigurationList = 848BDC7D221F59590009F692 /* Build configuration list for PBXProject "cs106b" */;
			compatibilityVersion = "Xcode 9.3";
			developmentRegion = en;
			hasScannedForEncodings = 0;
			knownRegions = (
				en,
			);
			mainGroup = 848BDC79221F59590009F692;
			productRefGroup = 848BDC83221F59590009F692 /* Products */;
			projectDirPath = "";
			projectRoot = "";
			targets = (
				848BDC81221F59590009F692 /* cs106b */,
				8409B63322260F0E001EBB3E /* Exam Statistics */,
				8409B63F22260F9A001EBB3E /* Censor String */,
				8442EB86222761AB008BF7F9 /* Count Letters */,
				847A4FEC222DEB27007EE783 /* Email Messages */,
				847A4FFB222DEEFB007EE783 /* Reverse Queue */,
				847A5009222DF3A6007EE783 /* Correctly Nested HTML Tags */,
				84F7D847222F2F610049D250 /* Most Frequent Character */,
				84876D42222F3680008C67AD /* Minesweeper */,
			);
		};
/* End PBXProject section */

/* Begin PBXSourcesBuildPhase section */
		8409B63022260F0E001EBB3E /* Sources */ = {
			isa = PBXSourcesBuildPhase;
			buildActionMask = 2147483647;
			files = (
				8409B63B22260F86001EBB3E /* exam_statistics.cpp in Sources */,
			);
			runOnlyForDeploymentPostprocessing = 0;
		};
		8409B63C22260F9A001EBB3E /* Sources */ = {
			isa = PBXSourcesBuildPhase;
			buildActionMask = 2147483647;
			files = (
				8409B64722260FA2001EBB3E /* censor_string.cpp in Sources */,
			);
			runOnlyForDeploymentPostprocessing = 0;
		};
		8442EB83222761AB008BF7F9 /* Sources */ = {
			isa = PBXSourcesBuildPhase;
			buildActionMask = 2147483647;
			files = (
				8442EB8A222761AB008BF7F9 /* count_letters.cpp in Sources */,
			);
			runOnlyForDeploymentPostprocessing = 0;
		};
		847A4FE9222DEB27007EE783 /* Sources */ = {
			isa = PBXSourcesBuildPhase;
			buildActionMask = 2147483647;
			files = (
				847A4FF4222DEB2A007EE783 /* email_msgs.cpp in Sources */,
			);
			runOnlyForDeploymentPostprocessing = 0;
		};
		847A4FF8222DEEFB007EE783 /* Sources */ = {
			isa = PBXSourcesBuildPhase;
			buildActionMask = 2147483647;
			files = (
				847A5004222DEF11007EE783 /* reverse_queue.cpp in Sources */,
			);
			runOnlyForDeploymentPostprocessing = 0;
		};
		847A5006222DF3A6007EE783 /* Sources */ = {
			isa = PBXSourcesBuildPhase;
			buildActionMask = 2147483647;
			files = (
				847A5012222DF3BD007EE783 /* is_correctly_nested.cpp in Sources */,
			);
			runOnlyForDeploymentPostprocessing = 0;
		};
		84876D3F222F3680008C67AD /* Sources */ = {
			isa = PBXSourcesBuildPhase;
			buildActionMask = 2147483647;
			files = (
				84876D4B222F3693008C67AD /* minesweeper.cpp in Sources */,
			);
			runOnlyForDeploymentPostprocessing = 0;
		};
		848BDC7E221F59590009F692 /* Sources */ = {
			isa = PBXSourcesBuildPhase;
			buildActionMask = 2147483647;
			files = (
			);
			runOnlyForDeploymentPostprocessing = 0;
		};
		84F7D844222F2F610049D250 /* Sources */ = {
			isa = PBXSourcesBuildPhase;
			buildActionMask = 2147483647;
			files = (
				84F7D84F222F2F650049D250 /* most_frequent_character.cpp in Sources */,
			);
			runOnlyForDeploymentPostprocessing = 0;
		};
/* End PBXSourcesBuildPhase section */

/* Begin XCBuildConfiguration section */
		8409B63922260F0E001EBB3E /* Debug */ = {
			isa = XCBuildConfiguration;
			buildSettings = {
				CODE_SIGN_STYLE = Automatic;
				DEVELOPMENT_TEAM = DQ5W88TD64;
				PRODUCT_NAME = "$(TARGET_NAME)";
			};
			name = Debug;
		};
		8409B63A22260F0E001EBB3E /* Release */ = {
			isa = XCBuildConfiguration;
			buildSettings = {
				CODE_SIGN_STYLE = Automatic;
				DEVELOPMENT_TEAM = DQ5W88TD64;
				PRODUCT_NAME = "$(TARGET_NAME)";
			};
			name = Release;
		};
		8409B64522260F9A001EBB3E /* Debug */ = {
			isa = XCBuildConfiguration;
			buildSettings = {
				CODE_SIGN_STYLE = Automatic;
				DEVELOPMENT_TEAM = DQ5W88TD64;
				PRODUCT_NAME = "$(TARGET_NAME)";
			};
			name = Debug;
		};
		8409B64622260F9A001EBB3E /* Release */ = {
			isa = XCBuildConfiguration;
			buildSettings = {
				CODE_SIGN_STYLE = Automatic;
				DEVELOPMENT_TEAM = DQ5W88TD64;
				PRODUCT_NAME = "$(TARGET_NAME)";
			};
			name = Release;
		};
		8442EB8C222761AB008BF7F9 /* Debug */ = {
			isa = XCBuildConfiguration;
			buildSettings = {
				CODE_SIGN_STYLE = Automatic;
				DEVELOPMENT_TEAM = DQ5W88TD64;
				PRODUCT_NAME = "$(TARGET_NAME)";
			};
			name = Debug;
		};
		8442EB8D222761AB008BF7F9 /* Release */ = {
			isa = XCBuildConfiguration;
			buildSettings = {
				CODE_SIGN_STYLE = Automatic;
				DEVELOPMENT_TEAM = DQ5W88TD64;
				PRODUCT_NAME = "$(TARGET_NAME)";
			};
			name = Release;
		};
		847A4FF1222DEB27007EE783 /* Debug */ = {
			isa = XCBuildConfiguration;
			buildSettings = {
				CODE_SIGN_STYLE = Automatic;
				DEVELOPMENT_TEAM = DQ5W88TD64;
				PRODUCT_NAME = "$(TARGET_NAME)";
			};
			name = Debug;
		};
		847A4FF2222DEB27007EE783 /* Release */ = {
			isa = XCBuildConfiguration;
			buildSettings = {
				CODE_SIGN_STYLE = Automatic;
				DEVELOPMENT_TEAM = DQ5W88TD64;
				PRODUCT_NAME = "$(TARGET_NAME)";
			};
			name = Release;
		};
		847A5001222DEEFB007EE783 /* Debug */ = {
			isa = XCBuildConfiguration;
			buildSettings = {
				CODE_SIGN_STYLE = Automatic;
				DEVELOPMENT_TEAM = DQ5W88TD64;
				PRODUCT_NAME = "$(TARGET_NAME)";
			};
			name = Debug;
		};
		847A5002222DEEFB007EE783 /* Release */ = {
			isa = XCBuildConfiguration;
			buildSettings = {
				CODE_SIGN_STYLE = Automatic;
				DEVELOPMENT_TEAM = DQ5W88TD64;
				PRODUCT_NAME = "$(TARGET_NAME)";
			};
			name = Release;
		};
		847A500F222DF3A6007EE783 /* Debug */ = {
			isa = XCBuildConfiguration;
			buildSettings = {
				CODE_SIGN_STYLE = Automatic;
				DEVELOPMENT_TEAM = DQ5W88TD64;
				PRODUCT_NAME = "$(TARGET_NAME)";
			};
			name = Debug;
		};
		847A5010222DF3A6007EE783 /* Release */ = {
			isa = XCBuildConfiguration;
			buildSettings = {
				CODE_SIGN_STYLE = Automatic;
				DEVELOPMENT_TEAM = DQ5W88TD64;
				PRODUCT_NAME = "$(TARGET_NAME)";
			};
			name = Release;
		};
		84876D48222F3680008C67AD /* Debug */ = {
			isa = XCBuildConfiguration;
			buildSettings = {
				CODE_SIGN_STYLE = Automatic;
				DEVELOPMENT_TEAM = DQ5W88TD64;
				PRODUCT_NAME = "$(TARGET_NAME)";
			};
			name = Debug;
		};
		84876D49222F3680008C67AD /* Release */ = {
			isa = XCBuildConfiguration;
			buildSettings = {
				CODE_SIGN_STYLE = Automatic;
				DEVELOPMENT_TEAM = DQ5W88TD64;
				PRODUCT_NAME = "$(TARGET_NAME)";
			};
			name = Release;
		};
		848BDC87221F59590009F692 /* Debug */ = {
			isa = XCBuildConfiguration;
			buildSettings = {
				ALWAYS_SEARCH_USER_PATHS = NO;
				CLANG_ANALYZER_NONNULL = YES;
				CLANG_ANALYZER_NUMBER_OBJECT_CONVERSION = YES_AGGRESSIVE;
				CLANG_CXX_LANGUAGE_STANDARD = "gnu++14";
				CLANG_CXX_LIBRARY = "libc++";
				CLANG_ENABLE_MODULES = YES;
				CLANG_ENABLE_OBJC_ARC = YES;
				CLANG_ENABLE_OBJC_WEAK = YES;
				CLANG_WARN_BLOCK_CAPTURE_AUTORELEASING = YES;
				CLANG_WARN_BOOL_CONVERSION = YES;
				CLANG_WARN_COMMA = YES;
				CLANG_WARN_CONSTANT_CONVERSION = YES;
				CLANG_WARN_DEPRECATED_OBJC_IMPLEMENTATIONS = YES;
				CLANG_WARN_DIRECT_OBJC_ISA_USAGE = YES_ERROR;
				CLANG_WARN_DOCUMENTATION_COMMENTS = YES;
				CLANG_WARN_EMPTY_BODY = YES;
				CLANG_WARN_ENUM_CONVERSION = YES;
				CLANG_WARN_INFINITE_RECURSION = YES;
				CLANG_WARN_INT_CONVERSION = YES;
				CLANG_WARN_NON_LITERAL_NULL_CONVERSION = YES;
				CLANG_WARN_OBJC_IMPLICIT_RETAIN_SELF = YES;
				CLANG_WARN_OBJC_LITERAL_CONVERSION = YES;
				CLANG_WARN_OBJC_ROOT_CLASS = YES_ERROR;
				CLANG_WARN_RANGE_LOOP_ANALYSIS = YES;
				CLANG_WARN_STRICT_PROTOTYPES = YES;
				CLANG_WARN_SUSPICIOUS_MOVE = YES;
				CLANG_WARN_UNGUARDED_AVAILABILITY = YES_AGGRESSIVE;
				CLANG_WARN_UNREACHABLE_CODE = YES;
				CLANG_WARN__DUPLICATE_METHOD_MATCH = YES;
				CODE_SIGN_IDENTITY = "Mac Developer";
				COPY_PHASE_STRIP = NO;
				DEBUG_INFORMATION_FORMAT = dwarf;
				ENABLE_STRICT_OBJC_MSGSEND = YES;
				ENABLE_TESTABILITY = YES;
				GCC_C_LANGUAGE_STANDARD = gnu11;
				GCC_DYNAMIC_NO_PIC = NO;
				GCC_NO_COMMON_BLOCKS = YES;
				GCC_OPTIMIZATION_LEVEL = 0;
				GCC_PREPROCESSOR_DEFINITIONS = (
					"DEBUG=1",
					"$(inherited)",
				);
				GCC_WARN_64_TO_32_BIT_CONVERSION = YES;
				GCC_WARN_ABOUT_RETURN_TYPE = YES_ERROR;
				GCC_WARN_UNDECLARED_SELECTOR = YES;
				GCC_WARN_UNINITIALIZED_AUTOS = YES_AGGRESSIVE;
				GCC_WARN_UNUSED_FUNCTION = YES;
				GCC_WARN_UNUSED_VARIABLE = YES;
				MACOSX_DEPLOYMENT_TARGET = 10.14;
				MTL_ENABLE_DEBUG_INFO = INCLUDE_SOURCE;
				MTL_FAST_MATH = YES;
				ONLY_ACTIVE_ARCH = YES;
				SDKROOT = macosx;
			};
			name = Debug;
		};
		848BDC88221F59590009F692 /* Release */ = {
			isa = XCBuildConfiguration;
			buildSettings = {
				ALWAYS_SEARCH_USER_PATHS = NO;
				CLANG_ANALYZER_NONNULL = YES;
				CLANG_ANALYZER_NUMBER_OBJECT_CONVERSION = YES_AGGRESSIVE;
				CLANG_CXX_LANGUAGE_STANDARD = "gnu++14";
				CLANG_CXX_LIBRARY = "libc++";
				CLANG_ENABLE_MODULES = YES;
				CLANG_ENABLE_OBJC_ARC = YES;
				CLANG_ENABLE_OBJC_WEAK = YES;
				CLANG_WARN_BLOCK_CAPTURE_AUTORELEASING = YES;
				CLANG_WARN_BOOL_CONVERSION = YES;
				CLANG_WARN_COMMA = YES;
				CLANG_WARN_CONSTANT_CONVERSION = YES;
				CLANG_WARN_DEPRECATED_OBJC_IMPLEMENTATIONS = YES;
				CLANG_WARN_DIRECT_OBJC_ISA_USAGE = YES_ERROR;
				CLANG_WARN_DOCUMENTATION_COMMENTS = YES;
				CLANG_WARN_EMPTY_BODY = YES;
				CLANG_WARN_ENUM_CONVERSION = YES;
				CLANG_WARN_INFINITE_RECURSION = YES;
				CLANG_WARN_INT_CONVERSION = YES;
				CLANG_WARN_NON_LITERAL_NULL_CONVERSION = YES;
				CLANG_WARN_OBJC_IMPLICIT_RETAIN_SELF = YES;
				CLANG_WARN_OBJC_LITERAL_CONVERSION = YES;
				CLANG_WARN_OBJC_ROOT_CLASS = YES_ERROR;
				CLANG_WARN_RANGE_LOOP_ANALYSIS = YES;
				CLANG_WARN_STRICT_PROTOTYPES = YES;
				CLANG_WARN_SUSPICIOUS_MOVE = YES;
				CLANG_WARN_UNGUARDED_AVAILABILITY = YES_AGGRESSIVE;
				CLANG_WARN_UNREACHABLE_CODE = YES;
				CLANG_WARN__DUPLICATE_METHOD_MATCH = YES;
				CODE_SIGN_IDENTITY = "Mac Developer";
				COPY_PHASE_STRIP = NO;
				DEBUG_INFORMATION_FORMAT = "dwarf-with-dsym";
				ENABLE_NS_ASSERTIONS = NO;
				ENABLE_STRICT_OBJC_MSGSEND = YES;
				GCC_C_LANGUAGE_STANDARD = gnu11;
				GCC_NO_COMMON_BLOCKS = YES;
				GCC_WARN_64_TO_32_BIT_CONVERSION = YES;
				GCC_WARN_ABOUT_RETURN_TYPE = YES_ERROR;
				GCC_WARN_UNDECLARED_SELECTOR = YES;
				GCC_WARN_UNINITIALIZED_AUTOS = YES_AGGRESSIVE;
				GCC_WARN_UNUSED_FUNCTION = YES;
				GCC_WARN_UNUSED_VARIABLE = YES;
				MACOSX_DEPLOYMENT_TARGET = 10.14;
				MTL_ENABLE_DEBUG_INFO = NO;
				MTL_FAST_MATH = YES;
				SDKROOT = macosx;
			};
			name = Release;
		};
		848BDC8A221F59590009F692 /* Debug */ = {
			isa = XCBuildConfiguration;
			buildSettings = {
				CODE_SIGN_STYLE = Automatic;
				DEVELOPMENT_TEAM = DQ5W88TD64;
				PRODUCT_NAME = "$(TARGET_NAME)";
			};
			name = Debug;
		};
		848BDC8B221F59590009F692 /* Release */ = {
			isa = XCBuildConfiguration;
			buildSettings = {
				CODE_SIGN_STYLE = Automatic;
				DEVELOPMENT_TEAM = DQ5W88TD64;
				PRODUCT_NAME = "$(TARGET_NAME)";
			};
			name = Release;
		};
		84F7D84D222F2F610049D250 /* Debug */ = {
			isa = XCBuildConfiguration;
			buildSettings = {
				CODE_SIGN_STYLE = Automatic;
				DEVELOPMENT_TEAM = DQ5W88TD64;
				PRODUCT_NAME = "$(TARGET_NAME)";
			};
			name = Debug;
		};
		84F7D84E222F2F610049D250 /* Release */ = {
			isa = XCBuildConfiguration;
			buildSettings = {
				CODE_SIGN_STYLE = Automatic;
				DEVELOPMENT_TEAM = DQ5W88TD64;
				PRODUCT_NAME = "$(TARGET_NAME)";
			};
			name = Release;
		};
/* End XCBuildConfiguration section */

/* Begin XCConfigurationList section */
		8409B63822260F0E001EBB3E /* Build configuration list for PBXNativeTarget "Exam Statistics" */ = {
			isa = XCConfigurationList;
			buildConfigurations = (
				8409B63922260F0E001EBB3E /* Debug */,
				8409B63A22260F0E001EBB3E /* Release */,
			);
			defaultConfigurationIsVisible = 0;
			defaultConfigurationName = Release;
		};
		8409B64422260F9A001EBB3E /* Build configuration list for PBXNativeTarget "Censor String" */ = {
			isa = XCConfigurationList;
			buildConfigurations = (
				8409B64522260F9A001EBB3E /* Debug */,
				8409B64622260F9A001EBB3E /* Release */,
			);
			defaultConfigurationIsVisible = 0;
			defaultConfigurationName = Release;
		};
		8442EB8B222761AB008BF7F9 /* Build configuration list for PBXNativeTarget "Count Letters" */ = {
			isa = XCConfigurationList;
			buildConfigurations = (
				8442EB8C222761AB008BF7F9 /* Debug */,
				8442EB8D222761AB008BF7F9 /* Release */,
			);
			defaultConfigurationIsVisible = 0;
			defaultConfigurationName = Release;
		};
		847A4FF3222DEB27007EE783 /* Build configuration list for PBXNativeTarget "Email Messages" */ = {
			isa = XCConfigurationList;
			buildConfigurations = (
				847A4FF1222DEB27007EE783 /* Debug */,
				847A4FF2222DEB27007EE783 /* Release */,
			);
			defaultConfigurationIsVisible = 0;
			defaultConfigurationName = Release;
		};
		847A5000222DEEFB007EE783 /* Build configuration list for PBXNativeTarget "Reverse Queue" */ = {
			isa = XCConfigurationList;
			buildConfigurations = (
				847A5001222DEEFB007EE783 /* Debug */,
				847A5002222DEEFB007EE783 /* Release */,
			);
			defaultConfigurationIsVisible = 0;
			defaultConfigurationName = Release;
		};
		847A500E222DF3A6007EE783 /* Build configuration list for PBXNativeTarget "Correctly Nested HTML Tags" */ = {
			isa = XCConfigurationList;
			buildConfigurations = (
				847A500F222DF3A6007EE783 /* Debug */,
				847A5010222DF3A6007EE783 /* Release */,
			);
			defaultConfigurationIsVisible = 0;
			defaultConfigurationName = Release;
		};
		84876D47222F3680008C67AD /* Build configuration list for PBXNativeTarget "Minesweeper" */ = {
			isa = XCConfigurationList;
			buildConfigurations = (
				84876D48222F3680008C67AD /* Debug */,
				84876D49222F3680008C67AD /* Release */,
			);
			defaultConfigurationIsVisible = 0;
			defaultConfigurationName = Release;
		};
		848BDC7D221F59590009F692 /* Build configuration list for PBXProject "cs106b" */ = {
			isa = XCConfigurationList;
			buildConfigurations = (
				848BDC87221F59590009F692 /* Debug */,
				848BDC88221F59590009F692 /* Release */,
			);
			defaultConfigurationIsVisible = 0;
			defaultConfigurationName = Release;
		};
		848BDC89221F59590009F692 /* Build configuration list for PBXNativeTarget "cs106b" */ = {
			isa = XCConfigurationList;
			buildConfigurations = (
				848BDC8A221F59590009F692 /* Debug */,
				848BDC8B221F59590009F692 /* Release */,
			);
			defaultConfigurationIsVisible = 0;
			defaultConfigurationName = Release;
		};
		84F7D84C222F2F610049D250 /* Build configuration list for PBXNativeTarget "Most Frequent Character" */ = {
			isa = XCConfigurationList;
			buildConfigurations = (
				84F7D84D222F2F610049D250 /* Debug */,
				84F7D84E222F2F610049D250 /* Release */,
			);
			defaultConfigurationIsVisible = 0;
			defaultConfigurationName = Release;
		};
/* End XCConfigurationList section */
	};
	rootObject = 848BDC7A221F59590009F692 /* Project object */;
}
